
Microsoft Visual Studio Solution File, Format Version 12.00
# Visual Studio Version 17
VisualStudioVersion = 17.12.35728.132
MinimumVisualStudioVersion = 10.0.40219.1
Project("{2150E333-8FDC-42A3-9474-1A3956D46DE8}") = "Services", "Services", "{F2043008-A57F-468F-BE6D-A3A731F0CCA2}"
EndProject
Project("{2150E333-8FDC-42A3-9474-1A3956D46DE8}") = "Catalog", "Catalog", "{BD18CDEF-0683-411E-987D-E64F1EE51CE9}"
EndProject
Project("{FAE04EC0-301F-11D3-BF4B-00C04F79EFBC}") = "MultiShop.Catalog", "Services\Catalog\MultiShop.Catalog\MultiShop.Catalog.csproj", "{0ED4B5AD-4AFA-48DC-9641-3BAB0E77E902}"
EndProject
Project("{2150E333-8FDC-42A3-9474-1A3956D46DE8}") = "Discount", "Discount", "{02EA681E-C7D8-13C7-8484-4AC65E1B71E8}"
EndProject
Project("{FAE04EC0-301F-11D3-BF4B-00C04F79EFBC}") = "MultiShop.Discount", "Services\Discount\MultiShop.Discount\MultiShop.Discount.csproj", "{3DFB8C0F-03BD-4784-8AFB-241A72599D36}"
EndProject
Project("{2150E333-8FDC-42A3-9474-1A3956D46DE8}") = "Order", "Order", "{56130186-7DD9-425A-B18A-244F199B98F7}"
EndProject
Project("{2150E333-8FDC-42A3-9474-1A3956D46DE8}") = "Core", "Core", "{198230B4-FF7A-4F3E-B9E5-DF0A22C3499A}"
EndProject
Project("{2150E333-8FDC-42A3-9474-1A3956D46DE8}") = "Infrastructure", "Infrastructure", "{CD96522C-39D8-49D2-B7B9-6F9E7D516778}"
EndProject
Project("{2150E333-8FDC-42A3-9474-1A3956D46DE8}") = "Presentation", "Presentation", "{70B1CBF6-C657-4488-8555-E742E0E624AF}"
EndProject
Project("{FAE04EC0-301F-11D3-BF4B-00C04F79EFBC}") = "MultiShop.Order.Domain", "Services\Order\Core\MultiShop.Order.Domain\MultiShop.Order.Domain.csproj", "{80894CA7-DE1E-4CD0-B9B0-A179F36B42E9}"
EndProject
Project("{FAE04EC0-301F-11D3-BF4B-00C04F79EFBC}") = "MultiShop.Order.Application", "Services\Order\Core\MultiShop.Order.Application\MultiShop.Order.Application.csproj", "{F4435892-8695-4CBE-99B1-8F5763FAC896}"
EndProject
Project("{FAE04EC0-301F-11D3-BF4B-00C04F79EFBC}") = "MultiShop.Order.Persistence", "Services\Order\Infrastructure\MultiShop.Order.Persistence\MultiShop.Order.Persistence.csproj", "{CAFCC6BE-9BE1-4CBC-B189-C58241213613}"
EndProject
Project("{FAE04EC0-301F-11D3-BF4B-00C04F79EFBC}") = "MultiShop.Order.WebApi", "Services\Order\Presentation\MultiShop.Order.WebApi\MultiShop.Order.WebApi.csproj", "{0AEE920C-79C0-4B8A-8562-9D962EA7A0DE}"
EndProject
Global
	GlobalSection(SolutionConfigurationPlatforms) = preSolution
		Debug|Any CPU = Debug|Any CPU
		Release|Any CPU = Release|Any CPU
	EndGlobalSection
	GlobalSection(ProjectConfigurationPlatforms) = postSolution
		{0ED4B5AD-4AFA-48DC-9641-3BAB0E77E902}.Debug|Any CPU.ActiveCfg = Debug|Any CPU
		{0ED4B5AD-4AFA-48DC-9641-3BAB0E77E902}.Debug|Any CPU.Build.0 = Debug|Any CPU
		{0ED4B5AD-4AFA-48DC-9641-3BAB0E77E902}.Release|Any CPU.ActiveCfg = Release|Any CPU
		{0ED4B5AD-4AFA-48DC-9641-3BAB0E77E902}.Release|Any CPU.Build.0 = Release|Any CPU
		{3DFB8C0F-03BD-4784-8AFB-241A72599D36}.Debug|Any CPU.ActiveCfg = Debug|Any CPU
		{3DFB8C0F-03BD-4784-8AFB-241A72599D36}.Debug|Any CPU.Build.0 = Debug|Any CPU
		{3DFB8C0F-03BD-4784-8AFB-241A72599D36}.Release|Any CPU.ActiveCfg = Release|Any CPU
		{3DFB8C0F-03BD-4784-8AFB-241A72599D36}.Release|Any CPU.Build.0 = Release|Any CPU
		{80894CA7-DE1E-4CD0-B9B0-A179F36B42E9}.Debug|Any CPU.ActiveCfg = Debug|Any CPU
		{80894CA7-DE1E-4CD0-B9B0-A179F36B42E9}.Debug|Any CPU.Build.0 = Debug|Any CPU
		{80894CA7-DE1E-4CD0-B9B0-A179F36B42E9}.Release|Any CPU.ActiveCfg = Release|Any CPU
		{80894CA7-DE1E-4CD0-B9B0-A179F36B42E9}.Release|Any CPU.Build.0 = Release|Any CPU
		{F4435892-8695-4CBE-99B1-8F5763FAC896}.Debug|Any CPU.ActiveCfg = Debug|Any CPU
		{F4435892-8695-4CBE-99B1-8F5763FAC896}.Debug|Any CPU.Build.0 = Debug|Any CPU
		{F4435892-8695-4CBE-99B1-8F5763FAC896}.Release|Any CPU.ActiveCfg = Release|Any CPU
		{F4435892-8695-4CBE-99B1-8F5763FAC896}.Release|Any CPU.Build.0 = Release|Any CPU
		{CAFCC6BE-9BE1-4CBC-B189-C58241213613}.Debug|Any CPU.ActiveCfg = Debug|Any CPU
		{CAFCC6BE-9BE1-4CBC-B189-C58241213613}.Debug|Any CPU.Build.0 = Debug|Any CPU
		{CAFCC6BE-9BE1-4CBC-B189-C58241213613}.Release|Any CPU.ActiveCfg = Release|Any CPU
		{CAFCC6BE-9BE1-4CBC-B189-C58241213613}.Release|Any CPU.Build.0 = Release|Any CPU
		{0AEE920C-79C0-4B8A-8562-9D962EA7A0DE}.Debug|Any CPU.ActiveCfg = Debug|Any CPU
		{0AEE920C-79C0-4B8A-8562-9D962EA7A0DE}.Debug|Any CPU.Build.0 = Debug|Any CPU
		{0AEE920C-79C0-4B8A-8562-9D962EA7A0DE}.Release|Any CPU.ActiveCfg = Release|Any CPU
		{0AEE920C-79C0-4B8A-8562-9D962EA7A0DE}.Release|Any CPU.Build.0 = Release|Any CPU
	EndGlobalSection
	GlobalSection(SolutionProperties) = preSolution
		HideSolutionNode = FALSE
	EndGlobalSection
	GlobalSection(NestedProjects) = preSolution
		{BD18CDEF-0683-411E-987D-E64F1EE51CE9} = {F2043008-A57F-468F-BE6D-A3A731F0CCA2}
		{0ED4B5AD-4AFA-48DC-9641-3BAB0E77E902} = {BD18CDEF-0683-411E-987D-E64F1EE51CE9}
		{02EA681E-C7D8-13C7-8484-4AC65E1B71E8} = {F2043008-A57F-468F-BE6D-A3A731F0CCA2}
		{3DFB8C0F-03BD-4784-8AFB-241A72599D36} = {02EA681E-C7D8-13C7-8484-4AC65E1B71E8}
		{56130186-7DD9-425A-B18A-244F199B98F7} = {F2043008-A57F-468F-BE6D-A3A731F0CCA2}
		{198230B4-FF7A-4F3E-B9E5-DF0A22C3499A} = {56130186-7DD9-425A-B18A-244F199B98F7}
		{CD96522C-39D8-49D2-B7B9-6F9E7D516778} = {56130186-7DD9-425A-B18A-244F199B98F7}
		{70B1CBF6-C657-4488-8555-E742E0E624AF} = {56130186-7DD9-425A-B18A-244F199B98F7}
		{80894CA7-DE1E-4CD0-B9B0-A179F36B42E9} = {198230B4-FF7A-4F3E-B9E5-DF0A22C3499A}
		{F4435892-8695-4CBE-99B1-8F5763FAC896} = {198230B4-FF7A-4F3E-B9E5-DF0A22C3499A}
		{CAFCC6BE-9BE1-4CBC-B189-C58241213613} = {CD96522C-39D8-49D2-B7B9-6F9E7D516778}
		{0AEE920C-79C0-4B8A-8562-9D962EA7A0DE} = {70B1CBF6-C657-4488-8555-E742E0E624AF}
	EndGlobalSection
	GlobalSection(ExtensibilityGlobals) = postSolution
		SolutionGuid = {88E6395E-33E8-4311-8FEA-B0FBE4EC64E2}
	EndGlobalSection
EndGlobal
