
Microsoft Visual Studio Solution File, Format Version 12.00
# Visual Studio Version 17
VisualStudioVersion = 17.12.35728.132 d17.12
MinimumVisualStudioVersion = 10.0.40219.1
Project("{2150E333-8FDC-42A3-9474-1A3956D46DE8}") = "Services", "Services", "{F2043008-A57F-468F-BE6D-A3A731F0CCA2}"
EndProject
Project("{2150E333-8FDC-42A3-9474-1A3956D46DE8}") = "Catalog", "Catalog", "{BD18CDEF-0683-411E-987D-E64F1EE51CE9}"
EndProject
Project("{FAE04EC0-301F-11D3-BF4B-00C04F79EFBC}") = "MultiShop.Catalog", "Services\Catalog\MultiShop.Catalog\MultiShop.Catalog.csproj", "{0ED4B5AD-4AFA-48DC-9641-3BAB0E77E902}"
EndProject
Global
	GlobalSection(SolutionConfigurationPlatforms) = preSolution
		Debug|Any CPU = Debug|Any CPU
		Release|Any CPU = Release|Any CPU
	EndGlobalSection
	GlobalSection(ProjectConfigurationPlatforms) = postSolution
		{0ED4B5AD-4AFA-48DC-9641-3BAB0E77E902}.Debug|Any CPU.ActiveCfg = Debug|Any CPU
		{0ED4B5AD-4AFA-48DC-9641-3BAB0E77E902}.Debug|Any CPU.Build.0 = Debug|Any CPU
		{0ED4B5AD-4AFA-48DC-9641-3BAB0E77E902}.Release|Any CPU.ActiveCfg = Release|Any CPU
		{0ED4B5AD-4AFA-48DC-9641-3BAB0E77E902}.Release|Any CPU.Build.0 = Release|Any CPU
	EndGlobalSection
	GlobalSection(SolutionProperties) = preSolution
		HideSolutionNode = FALSE
	EndGlobalSection
	GlobalSection(NestedProjects) = preSolution
		{BD18CDEF-0683-411E-987D-E64F1EE51CE9} = {F2043008-A57F-468F-BE6D-A3A731F0CCA2}
		{0ED4B5AD-4AFA-48DC-9641-3BAB0E77E902} = {BD18CDEF-0683-411E-987D-E64F1EE51CE9}
	EndGlobalSection
EndGlobal
