
Microsoft Visual Studio Solution File, Format Version 12.00
# Visual Studio Version 17
VisualStudioVersion = 17.12.35728.132
MinimumVisualStudioVersion = 10.0.40219.1
Project("{2150E333-8FDC-42A3-9474-1A3956D46DE8}") = "Services", "Services", "{F2043008-A57F-468F-BE6D-A3A731F0CCA2}"
EndProject
Project("{2150E333-8FDC-42A3-9474-1A3956D46DE8}") = "Catalog", "Catalog", "{BD18CDEF-0683-411E-987D-E64F1EE51CE9}"
EndProject
Project("{FAE04EC0-301F-11D3-BF4B-00C04F79EFBC}") = "MultiShop.Catalog", "Services\Catalog\MultiShop.Catalog\MultiShop.Catalog.csproj", "{0ED4B5AD-4AFA-48DC-9641-3BAB0E77E902}"
	ProjectSection(ProjectDependencies) = postProject
		{EA14094F-FB55-5ABC-1402-B4229C4AD0B1} = {EA14094F-FB55-5ABC-1402-B4229C4AD0B1}
	EndProjectSection
EndProject
Project("{2150E333-8FDC-42A3-9474-1A3956D46DE8}") = "Discount", "Discount", "{02EA681E-C7D8-13C7-8484-4AC65E1B71E8}"
EndProject
Project("{FAE04EC0-301F-11D3-BF4B-00C04F79EFBC}") = "MultiShop.Discount", "Services\Discount\MultiShop.Discount\MultiShop.Discount.csproj", "{3DFB8C0F-03BD-4784-8AFB-241A72599D36}"
EndProject
Project("{2150E333-8FDC-42A3-9474-1A3956D46DE8}") = "IdentityServer", "IdentityServer", "{A13482B5-02CB-463A-9390-551DC17F9E11}"
EndProject
Project("{FAE04EC0-301F-11D3-BF4B-00C04F79EFBC}") = "MultiShop.IdentityServer", "IdentityServer\MultiShop.IdentityServer\MultiShop.IdentityServer.csproj", "{EA14094F-FB55-5ABC-1402-B4229C4AD0B1}"
EndProject
Project("{2150E333-8FDC-42A3-9474-1A3956D46DE8}") = "Cargo", "Cargo", "{F4AA677A-F73E-4AD5-B567-CFE17EC4F529}"
EndProject
Project("{FAE04EC0-301F-11D3-BF4B-00C04F79EFBC}") = "MultiShop.Cargo.EntityLayer", "Services\Cargo\MultiShop.Cargo.EntityLayer\MultiShop.Cargo.EntityLayer.csproj", "{9443EE5B-3E9B-4FA8-AD83-6C47C62D8C7E}"
EndProject
Project("{FAE04EC0-301F-11D3-BF4B-00C04F79EFBC}") = "MultiShop.Cargo.BusinessLayer", "Services\Cargo\MultiShop.Cargo.BusinessLayer\MultiShop.Cargo.BusinessLayer.csproj", "{8B867A86-131C-4293-8EF5-DDB248193A98}"
EndProject
Project("{FAE04EC0-301F-11D3-BF4B-00C04F79EFBC}") = "MultiShop.Cargo.DataAccessLayer", "Services\Cargo\MultiShop.Cargo.DataAccessLayer\MultiShop.Cargo.DataAccessLayer.csproj", "{A2A0DB61-04A1-400D-A209-151B6C6B30F7}"
EndProject
Project("{FAE04EC0-301F-11D3-BF4B-00C04F79EFBC}") = "MultiShop.Cargo.DtoLayer", "Services\Cargo\MultiShop.Cargo.DtoLayer\MultiShop.Cargo.DtoLayer.csproj", "{B7AD89C6-8976-416A-AA95-2388B67B092D}"
EndProject
Project("{FAE04EC0-301F-11D3-BF4B-00C04F79EFBC}") = "MultiShop.Cargo.WebApi", "Services\Cargo\MultiShop.Cargo.WebApi\MultiShop.Cargo.WebApi.csproj", "{44584285-A64C-4AF8-91A3-57921BE8689D}"
EndProject
Project("{2150E333-8FDC-42A3-9474-1A3956D46DE8}") = "Basket", "Basket", "{B755EE60-83BE-4F07-A290-297136B937A1}"
EndProject
Project("{FAE04EC0-301F-11D3-BF4B-00C04F79EFBC}") = "MultiShop.Basket", "Services\Basket\MultiShop.Basket\MultiShop.Basket.csproj", "{16481074-C40C-443A-8499-DF99C5B45BA7}"
EndProject
Project("{2150E333-8FDC-42A3-9474-1A3956D46DE8}") = "Frontends", "Frontends", "{30A098CA-503A-4E71-B49B-BAE70CED5379}"
EndProject
Project("{FAE04EC0-301F-11D3-BF4B-00C04F79EFBC}") = "MultiShop.WebUI", "Frontends\MultiShop.WebUI\MultiShop.WebUI.csproj", "{309113B3-AA6D-4C7A-9A6E-E72F3699B0A8}"
EndProject
Project("{FAE04EC0-301F-11D3-BF4B-00C04F79EFBC}") = "MultiShop.DtoLayer", "Frontends\MultiShop.DtoLayer\MultiShop.DtoLayer.csproj", "{B2A6FA6B-2CF0-4B25-B5B9-D8F0A8C4B0AE}"
EndProject
Project("{2150E333-8FDC-42A3-9474-1A3956D46DE8}") = "Comment", "Comment", "{5AC28D88-B741-454B-ABDE-DB58C3EF54D2}"
EndProject
Project("{FAE04EC0-301F-11D3-BF4B-00C04F79EFBC}") = "MultiShop.Comment", "Services\Comment\MultiShop.Comment\MultiShop.Comment.csproj", "{4E8B4EBF-07B6-48B4-A934-089E12186E3E}"
EndProject
Project("{2150E333-8FDC-42A3-9474-1A3956D46DE8}") = "ApiGateway", "ApiGateway", "{606FE253-F397-44EF-9DDC-60A310D69F4F}"
EndProject
Project("{2150E333-8FDC-42A3-9474-1A3956D46DE8}") = "RapidApi", "RapidApi", "{842EA171-C2B0-4055-9A65-93A5D0C36CD6}"
EndProject
Project("{FAE04EC0-301F-11D3-BF4B-00C04F79EFBC}") = "MultiShop.OcelotGateway", "ApiGateway\MultiShop.OcelotGateway\MultiShop.OcelotGateway.csproj", "{76E47C8A-94D0-4FCA-8908-41A9506C181C}"
EndProject
Project("{2150E333-8FDC-42A3-9474-1A3956D46DE8}") = "Payment", "Payment", "{37B15621-DE02-472C-AA63-EDD3212C3AE7}"
EndProject
Project("{FAE04EC0-301F-11D3-BF4B-00C04F79EFBC}") = "MultiShop.Payment", "Services\Payment\MultiShop.Payment\MultiShop.Payment.csproj", "{69E48F0D-257F-45AC-A37B-06767077D3A0}"
EndProject
Project("{2150E333-8FDC-42A3-9474-1A3956D46DE8}") = "Images", "Images", "{5D02CF3F-320B-444F-A5D4-CCD5C7152F53}"
EndProject
Project("{FAE04EC0-301F-11D3-BF4B-00C04F79EFBC}") = "MultiShop.Images", "Services\Images\MultiShop.Images\MultiShop.Images.csproj", "{CDA615D5-C7B4-41CC-882A-7E9D5BDDEFC0}"
EndProject
Project("{2150E333-8FDC-42A3-9474-1A3956D46DE8}") = "Message", "Message", "{8C4F24BB-DC2F-4EC8-AFFD-936F08B7AE4E}"
EndProject
Project("{FAE04EC0-301F-11D3-BF4B-00C04F79EFBC}") = "MultiShop.Message", "Services\Message\MultiShop.Message\MultiShop.Message.csproj", "{F1B3DD76-1622-4F5B-BA2C-A85B183872E2}"
EndProject
Project("{2150E333-8FDC-42A3-9474-1A3956D46DE8}") = "SignalRRealTime", "SignalRRealTime", "{D6F90727-D667-409F-BB89-2979C5C4E313}"
EndProject
Project("{FAE04EC0-301F-11D3-BF4B-00C04F79EFBC}") = "MultiShop.SignalRRealTimeApi", "Services\SignalRRealTime\MultiShop.SignalRRealTimeApi\MultiShop.SignalRRealTimeApi.csproj", "{0FE805FD-5A86-4376-A2FB-0673FEC6E662}"
EndProject
Project("{2150E333-8FDC-42A3-9474-1A3956D46DE8}") = "RabbitMQMessage", "RabbitMQMessage", "{7E04658E-6521-487A-BBD4-8006F5541DDD}"
EndProject
Project("{FAE04EC0-301F-11D3-BF4B-00C04F79EFBC}") = "MultiShop.RabbitMQMessageApi", "Servies\RabbitMQMessage\MultiShop.RabbitMQMessageApi\MultiShop.RabbitMQMessageApi.csproj", "{BDF86663-A55C-4DF1-B785-BBAAB7BE7B08}"
EndProject
Project("{FAE04EC0-301F-11D3-BF4B-00C04F79EFBC}") = "MultiShop.RapidApiWebUI", "RapidApi\MultiShop.RapidApiWebUI\MultiShop.RapidApiWebUI.csproj", "{21745D16-897C-41DB-8CA2-3191CE0A9F8C}"
EndProject
Project("{2150E333-8FDC-42A3-9474-1A3956D46DE8}") = "Order", "Order", "{0AE67BCA-CAFE-4624-8831-6EA2D0DF22B8}"
EndProject
Project("{2150E333-8FDC-42A3-9474-1A3956D46DE8}") = "Core", "Core", "{623DAB7C-E679-4E6C-97C9-1736A8242DBA}"
EndProject
Project("{2150E333-8FDC-42A3-9474-1A3956D46DE8}") = "Infrastructure", "Infrastructure", "{100000D5-E241-45BA-AA55-72CC37B6448C}"
EndProject
Project("{2150E333-8FDC-42A3-9474-1A3956D46DE8}") = "Presentation", "Presentation", "{98B0CD56-16C8-483A-B53B-AB4CC95C0BEB}"
EndProject
Project("{FAE04EC0-301F-11D3-BF4B-00C04F79EFBC}") = "MultiShop.Order.Application", "Services\Order\Core\MultiShop.Order.Application\MultiShop.Order.Application.csproj", "{47092AEB-0AF8-8234-57D6-D8563B2AAA47}"
EndProject
Project("{FAE04EC0-301F-11D3-BF4B-00C04F79EFBC}") = "MultiShop.Order.Domain", "Services\Order\Core\MultiShop.Order.Domain\MultiShop.Order.Domain.csproj", "{3347798D-F843-8C19-FFC9-2EB29AA8900C}"
EndProject
Project("{FAE04EC0-301F-11D3-BF4B-00C04F79EFBC}") = "MultiShop.Order.Persistence", "Services\Order\Infrastructure\MultiShop.Order.Persistence\MultiShop.Order.Persistence.csproj", "{F5AE4121-A77C-482E-DAE7-D69CB7039C14}"
EndProject
Project("{FAE04EC0-301F-11D3-BF4B-00C04F79EFBC}") = "MultiShop.Order.WebApi", "Services\Order\Presentation\MultiShop.Order.WebApi\MultiShop.Order.WebApi.csproj", "{43E1506E-376C-0810-F28A-FD01CD1AC033}"
EndProject
Global
	GlobalSection(SolutionConfigurationPlatforms) = preSolution
		Debug|Any CPU = Debug|Any CPU
		Release|Any CPU = Release|Any CPU
	EndGlobalSection
	GlobalSection(ProjectConfigurationPlatforms) = postSolution
		{0ED4B5AD-4AFA-48DC-9641-3BAB0E77E902}.Debug|Any CPU.ActiveCfg = Debug|Any CPU
		{0ED4B5AD-4AFA-48DC-9641-3BAB0E77E902}.Debug|Any CPU.Build.0 = Debug|Any CPU
		{0ED4B5AD-4AFA-48DC-9641-3BAB0E77E902}.Release|Any CPU.ActiveCfg = Release|Any CPU
		{0ED4B5AD-4AFA-48DC-9641-3BAB0E77E902}.Release|Any CPU.Build.0 = Release|Any CPU
		{3DFB8C0F-03BD-4784-8AFB-241A72599D36}.Debug|Any CPU.ActiveCfg = Debug|Any CPU
		{3DFB8C0F-03BD-4784-8AFB-241A72599D36}.Debug|Any CPU.Build.0 = Debug|Any CPU
		{3DFB8C0F-03BD-4784-8AFB-241A72599D36}.Release|Any CPU.ActiveCfg = Release|Any CPU
		{3DFB8C0F-03BD-4784-8AFB-241A72599D36}.Release|Any CPU.Build.0 = Release|Any CPU
		{EA14094F-FB55-5ABC-1402-B4229C4AD0B1}.Debug|Any CPU.ActiveCfg = Debug|Any CPU
		{EA14094F-FB55-5ABC-1402-B4229C4AD0B1}.Debug|Any CPU.Build.0 = Debug|Any CPU
		{EA14094F-FB55-5ABC-1402-B4229C4AD0B1}.Release|Any CPU.ActiveCfg = Release|Any CPU
		{EA14094F-FB55-5ABC-1402-B4229C4AD0B1}.Release|Any CPU.Build.0 = Release|Any CPU
		{9443EE5B-3E9B-4FA8-AD83-6C47C62D8C7E}.Debug|Any CPU.ActiveCfg = Debug|Any CPU
		{9443EE5B-3E9B-4FA8-AD83-6C47C62D8C7E}.Debug|Any CPU.Build.0 = Debug|Any CPU
		{9443EE5B-3E9B-4FA8-AD83-6C47C62D8C7E}.Release|Any CPU.ActiveCfg = Release|Any CPU
		{9443EE5B-3E9B-4FA8-AD83-6C47C62D8C7E}.Release|Any CPU.Build.0 = Release|Any CPU
		{8B867A86-131C-4293-8EF5-DDB248193A98}.Debug|Any CPU.ActiveCfg = Debug|Any CPU
		{8B867A86-131C-4293-8EF5-DDB248193A98}.Debug|Any CPU.Build.0 = Debug|Any CPU
		{8B867A86-131C-4293-8EF5-DDB248193A98}.Release|Any CPU.ActiveCfg = Release|Any CPU
		{8B867A86-131C-4293-8EF5-DDB248193A98}.Release|Any CPU.Build.0 = Release|Any CPU
		{A2A0DB61-04A1-400D-A209-151B6C6B30F7}.Debug|Any CPU.ActiveCfg = Debug|Any CPU
		{A2A0DB61-04A1-400D-A209-151B6C6B30F7}.Debug|Any CPU.Build.0 = Debug|Any CPU
		{A2A0DB61-04A1-400D-A209-151B6C6B30F7}.Release|Any CPU.ActiveCfg = Release|Any CPU
		{A2A0DB61-04A1-400D-A209-151B6C6B30F7}.Release|Any CPU.Build.0 = Release|Any CPU
		{B7AD89C6-8976-416A-AA95-2388B67B092D}.Debug|Any CPU.ActiveCfg = Debug|Any CPU
		{B7AD89C6-8976-416A-AA95-2388B67B092D}.Debug|Any CPU.Build.0 = Debug|Any CPU
		{B7AD89C6-8976-416A-AA95-2388B67B092D}.Release|Any CPU.ActiveCfg = Release|Any CPU
		{B7AD89C6-8976-416A-AA95-2388B67B092D}.Release|Any CPU.Build.0 = Release|Any CPU
		{44584285-A64C-4AF8-91A3-57921BE8689D}.Debug|Any CPU.ActiveCfg = Debug|Any CPU
		{44584285-A64C-4AF8-91A3-57921BE8689D}.Debug|Any CPU.Build.0 = Debug|Any CPU
		{44584285-A64C-4AF8-91A3-57921BE8689D}.Release|Any CPU.ActiveCfg = Release|Any CPU
		{44584285-A64C-4AF8-91A3-57921BE8689D}.Release|Any CPU.Build.0 = Release|Any CPU
		{16481074-C40C-443A-8499-DF99C5B45BA7}.Debug|Any CPU.ActiveCfg = Debug|Any CPU
		{16481074-C40C-443A-8499-DF99C5B45BA7}.Debug|Any CPU.Build.0 = Debug|Any CPU
		{16481074-C40C-443A-8499-DF99C5B45BA7}.Release|Any CPU.ActiveCfg = Release|Any CPU
		{16481074-C40C-443A-8499-DF99C5B45BA7}.Release|Any CPU.Build.0 = Release|Any CPU
		{309113B3-AA6D-4C7A-9A6E-E72F3699B0A8}.Debug|Any CPU.ActiveCfg = Debug|Any CPU
		{309113B3-AA6D-4C7A-9A6E-E72F3699B0A8}.Debug|Any CPU.Build.0 = Debug|Any CPU
		{309113B3-AA6D-4C7A-9A6E-E72F3699B0A8}.Release|Any CPU.ActiveCfg = Release|Any CPU
		{309113B3-AA6D-4C7A-9A6E-E72F3699B0A8}.Release|Any CPU.Build.0 = Release|Any CPU
		{B2A6FA6B-2CF0-4B25-B5B9-D8F0A8C4B0AE}.Debug|Any CPU.ActiveCfg = Debug|Any CPU
		{B2A6FA6B-2CF0-4B25-B5B9-D8F0A8C4B0AE}.Debug|Any CPU.Build.0 = Debug|Any CPU
		{B2A6FA6B-2CF0-4B25-B5B9-D8F0A8C4B0AE}.Release|Any CPU.ActiveCfg = Release|Any CPU
		{B2A6FA6B-2CF0-4B25-B5B9-D8F0A8C4B0AE}.Release|Any CPU.Build.0 = Release|Any CPU
		{4E8B4EBF-07B6-48B4-A934-089E12186E3E}.Debug|Any CPU.ActiveCfg = Debug|Any CPU
		{4E8B4EBF-07B6-48B4-A934-089E12186E3E}.Debug|Any CPU.Build.0 = Debug|Any CPU
		{4E8B4EBF-07B6-48B4-A934-089E12186E3E}.Release|Any CPU.ActiveCfg = Release|Any CPU
		{4E8B4EBF-07B6-48B4-A934-089E12186E3E}.Release|Any CPU.Build.0 = Release|Any CPU
		{76E47C8A-94D0-4FCA-8908-41A9506C181C}.Debug|Any CPU.ActiveCfg = Debug|Any CPU
		{76E47C8A-94D0-4FCA-8908-41A9506C181C}.Debug|Any CPU.Build.0 = Debug|Any CPU
		{76E47C8A-94D0-4FCA-8908-41A9506C181C}.Release|Any CPU.ActiveCfg = Release|Any CPU
		{76E47C8A-94D0-4FCA-8908-41A9506C181C}.Release|Any CPU.Build.0 = Release|Any CPU
		{69E48F0D-257F-45AC-A37B-06767077D3A0}.Debug|Any CPU.ActiveCfg = Debug|Any CPU
		{69E48F0D-257F-45AC-A37B-06767077D3A0}.Debug|Any CPU.Build.0 = Debug|Any CPU
		{69E48F0D-257F-45AC-A37B-06767077D3A0}.Release|Any CPU.ActiveCfg = Release|Any CPU
		{69E48F0D-257F-45AC-A37B-06767077D3A0}.Release|Any CPU.Build.0 = Release|Any CPU
		{CDA615D5-C7B4-41CC-882A-7E9D5BDDEFC0}.Debug|Any CPU.ActiveCfg = Debug|Any CPU
		{CDA615D5-C7B4-41CC-882A-7E9D5BDDEFC0}.Debug|Any CPU.Build.0 = Debug|Any CPU
		{CDA615D5-C7B4-41CC-882A-7E9D5BDDEFC0}.Release|Any CPU.ActiveCfg = Release|Any CPU
		{CDA615D5-C7B4-41CC-882A-7E9D5BDDEFC0}.Release|Any CPU.Build.0 = Release|Any CPU
		{F1B3DD76-1622-4F5B-BA2C-A85B183872E2}.Debug|Any CPU.ActiveCfg = Debug|Any CPU
		{F1B3DD76-1622-4F5B-BA2C-A85B183872E2}.Debug|Any CPU.Build.0 = Debug|Any CPU
		{F1B3DD76-1622-4F5B-BA2C-A85B183872E2}.Release|Any CPU.ActiveCfg = Release|Any CPU
		{F1B3DD76-1622-4F5B-BA2C-A85B183872E2}.Release|Any CPU.Build.0 = Release|Any CPU
		{0FE805FD-5A86-4376-A2FB-0673FEC6E662}.Debug|Any CPU.ActiveCfg = Debug|Any CPU
		{0FE805FD-5A86-4376-A2FB-0673FEC6E662}.Debug|Any CPU.Build.0 = Debug|Any CPU
		{0FE805FD-5A86-4376-A2FB-0673FEC6E662}.Release|Any CPU.ActiveCfg = Release|Any CPU
		{0FE805FD-5A86-4376-A2FB-0673FEC6E662}.Release|Any CPU.Build.0 = Release|Any CPU
		{BDF86663-A55C-4DF1-B785-BBAAB7BE7B08}.Debug|Any CPU.ActiveCfg = Debug|Any CPU
		{BDF86663-A55C-4DF1-B785-BBAAB7BE7B08}.Debug|Any CPU.Build.0 = Debug|Any CPU
		{BDF86663-A55C-4DF1-B785-BBAAB7BE7B08}.Release|Any CPU.ActiveCfg = Release|Any CPU
		{BDF86663-A55C-4DF1-B785-BBAAB7BE7B08}.Release|Any CPU.Build.0 = Release|Any CPU
		{21745D16-897C-41DB-8CA2-3191CE0A9F8C}.Debug|Any CPU.ActiveCfg = Debug|Any CPU
		{21745D16-897C-41DB-8CA2-3191CE0A9F8C}.Debug|Any CPU.Build.0 = Debug|Any CPU
		{21745D16-897C-41DB-8CA2-3191CE0A9F8C}.Release|Any CPU.ActiveCfg = Release|Any CPU
		{21745D16-897C-41DB-8CA2-3191CE0A9F8C}.Release|Any CPU.Build.0 = Release|Any CPU
		{47092AEB-0AF8-8234-57D6-D8563B2AAA47}.Debug|Any CPU.ActiveCfg = Debug|Any CPU
		{47092AEB-0AF8-8234-57D6-D8563B2AAA47}.Debug|Any CPU.Build.0 = Debug|Any CPU
		{47092AEB-0AF8-8234-57D6-D8563B2AAA47}.Release|Any CPU.ActiveCfg = Release|Any CPU
		{47092AEB-0AF8-8234-57D6-D8563B2AAA47}.Release|Any CPU.Build.0 = Release|Any CPU
		{3347798D-F843-8C19-FFC9-2EB29AA8900C}.Debug|Any CPU.ActiveCfg = Debug|Any CPU
		{3347798D-F843-8C19-FFC9-2EB29AA8900C}.Debug|Any CPU.Build.0 = Debug|Any CPU
		{3347798D-F843-8C19-FFC9-2EB29AA8900C}.Release|Any CPU.ActiveCfg = Release|Any CPU
		{3347798D-F843-8C19-FFC9-2EB29AA8900C}.Release|Any CPU.Build.0 = Release|Any CPU
		{F5AE4121-A77C-482E-DAE7-D69CB7039C14}.Debug|Any CPU.ActiveCfg = Debug|Any CPU
		{F5AE4121-A77C-482E-DAE7-D69CB7039C14}.Debug|Any CPU.Build.0 = Debug|Any CPU
		{F5AE4121-A77C-482E-DAE7-D69CB7039C14}.Release|Any CPU.ActiveCfg = Release|Any CPU
		{F5AE4121-A77C-482E-DAE7-D69CB7039C14}.Release|Any CPU.Build.0 = Release|Any CPU
		{43E1506E-376C-0810-F28A-FD01CD1AC033}.Debug|Any CPU.ActiveCfg = Debug|Any CPU
		{43E1506E-376C-0810-F28A-FD01CD1AC033}.Debug|Any CPU.Build.0 = Debug|Any CPU
		{43E1506E-376C-0810-F28A-FD01CD1AC033}.Release|Any CPU.ActiveCfg = Release|Any CPU
		{43E1506E-376C-0810-F28A-FD01CD1AC033}.Release|Any CPU.Build.0 = Release|Any CPU
	EndGlobalSection
	GlobalSection(SolutionProperties) = preSolution
		HideSolutionNode = FALSE
	EndGlobalSection
	GlobalSection(NestedProjects) = preSolution
		{BD18CDEF-0683-411E-987D-E64F1EE51CE9} = {F2043008-A57F-468F-BE6D-A3A731F0CCA2}
		{0ED4B5AD-4AFA-48DC-9641-3BAB0E77E902} = {BD18CDEF-0683-411E-987D-E64F1EE51CE9}
		{02EA681E-C7D8-13C7-8484-4AC65E1B71E8} = {F2043008-A57F-468F-BE6D-A3A731F0CCA2}
		{3DFB8C0F-03BD-4784-8AFB-241A72599D36} = {02EA681E-C7D8-13C7-8484-4AC65E1B71E8}
		{EA14094F-FB55-5ABC-1402-B4229C4AD0B1} = {A13482B5-02CB-463A-9390-551DC17F9E11}
		{F4AA677A-F73E-4AD5-B567-CFE17EC4F529} = {F2043008-A57F-468F-BE6D-A3A731F0CCA2}
		{9443EE5B-3E9B-4FA8-AD83-6C47C62D8C7E} = {F4AA677A-F73E-4AD5-B567-CFE17EC4F529}
		{8B867A86-131C-4293-8EF5-DDB248193A98} = {F4AA677A-F73E-4AD5-B567-CFE17EC4F529}
		{A2A0DB61-04A1-400D-A209-151B6C6B30F7} = {F4AA677A-F73E-4AD5-B567-CFE17EC4F529}
		{B7AD89C6-8976-416A-AA95-2388B67B092D} = {F4AA677A-F73E-4AD5-B567-CFE17EC4F529}
		{44584285-A64C-4AF8-91A3-57921BE8689D} = {F4AA677A-F73E-4AD5-B567-CFE17EC4F529}
		{B755EE60-83BE-4F07-A290-297136B937A1} = {F2043008-A57F-468F-BE6D-A3A731F0CCA2}
		{16481074-C40C-443A-8499-DF99C5B45BA7} = {B755EE60-83BE-4F07-A290-297136B937A1}
		{309113B3-AA6D-4C7A-9A6E-E72F3699B0A8} = {30A098CA-503A-4E71-B49B-BAE70CED5379}
		{B2A6FA6B-2CF0-4B25-B5B9-D8F0A8C4B0AE} = {30A098CA-503A-4E71-B49B-BAE70CED5379}
		{5AC28D88-B741-454B-ABDE-DB58C3EF54D2} = {F2043008-A57F-468F-BE6D-A3A731F0CCA2}
		{4E8B4EBF-07B6-48B4-A934-089E12186E3E} = {5AC28D88-B741-454B-ABDE-DB58C3EF54D2}
		{76E47C8A-94D0-4FCA-8908-41A9506C181C} = {606FE253-F397-44EF-9DDC-60A310D69F4F}
		{37B15621-DE02-472C-AA63-EDD3212C3AE7} = {F2043008-A57F-468F-BE6D-A3A731F0CCA2}
		{69E48F0D-257F-45AC-A37B-06767077D3A0} = {37B15621-DE02-472C-AA63-EDD3212C3AE7}
		{5D02CF3F-320B-444F-A5D4-CCD5C7152F53} = {F2043008-A57F-468F-BE6D-A3A731F0CCA2}
		{CDA615D5-C7B4-41CC-882A-7E9D5BDDEFC0} = {5D02CF3F-320B-444F-A5D4-CCD5C7152F53}
		{8C4F24BB-DC2F-4EC8-AFFD-936F08B7AE4E} = {F2043008-A57F-468F-BE6D-A3A731F0CCA2}
		{F1B3DD76-1622-4F5B-BA2C-A85B183872E2} = {8C4F24BB-DC2F-4EC8-AFFD-936F08B7AE4E}
		{D6F90727-D667-409F-BB89-2979C5C4E313} = {F2043008-A57F-468F-BE6D-A3A731F0CCA2}
		{0FE805FD-5A86-4376-A2FB-0673FEC6E662} = {D6F90727-D667-409F-BB89-2979C5C4E313}
		{7E04658E-6521-487A-BBD4-8006F5541DDD} = {F2043008-A57F-468F-BE6D-A3A731F0CCA2}
		{BDF86663-A55C-4DF1-B785-BBAAB7BE7B08} = {7E04658E-6521-487A-BBD4-8006F5541DDD}
		{21745D16-897C-41DB-8CA2-3191CE0A9F8C} = {842EA171-C2B0-4055-9A65-93A5D0C36CD6}
		{0AE67BCA-CAFE-4624-8831-6EA2D0DF22B8} = {F2043008-A57F-468F-BE6D-A3A731F0CCA2}
		{623DAB7C-E679-4E6C-97C9-1736A8242DBA} = {0AE67BCA-CAFE-4624-8831-6EA2D0DF22B8}
		{100000D5-E241-45BA-AA55-72CC37B6448C} = {0AE67BCA-CAFE-4624-8831-6EA2D0DF22B8}
		{98B0CD56-16C8-483A-B53B-AB4CC95C0BEB} = {0AE67BCA-CAFE-4624-8831-6EA2D0DF22B8}
		{47092AEB-0AF8-8234-57D6-D8563B2AAA47} = {623DAB7C-E679-4E6C-97C9-1736A8242DBA}
		{3347798D-F843-8C19-FFC9-2EB29AA8900C} = {623DAB7C-E679-4E6C-97C9-1736A8242DBA}
		{F5AE4121-A77C-482E-DAE7-D69CB7039C14} = {100000D5-E241-45BA-AA55-72CC37B6448C}
		{43E1506E-376C-0810-F28A-FD01CD1AC033} = {98B0CD56-16C8-483A-B53B-AB4CC95C0BEB}
	EndGlobalSection
	GlobalSection(ExtensibilityGlobals) = postSolution
		SolutionGuid = {88E6395E-33E8-4311-8FEA-B0FBE4EC64E2}
	EndGlobalSection
EndGlobal
